
Microsoft Visual Studio Solution File, Format Version 12.00
# Visual Studio 15
VisualStudioVersion = 15.0.28307.779
MinimumVisualStudioVersion = 10.0.40219.1
Project("{9A19103F-16F7-4668-BE54-9A1E7A4F7556}") = "mvc", "mvc\mvc.csproj", "{BF965F5F-6ED5-43D1-B92D-4C9BC858599D}"
EndProject
Global
	GlobalSection(SolutionConfigurationPlatforms) = preSolution
		Debug|Any CPU = Debug|Any CPU
		Release|Any CPU = Release|Any CPU
	EndGlobalSection
	GlobalSection(ProjectConfigurationPlatforms) = postSolution
		{BF965F5F-6ED5-43D1-B92D-4C9BC858599D}.Debug|Any CPU.ActiveCfg = Debug|Any CPU
		{BF965F5F-6ED5-43D1-B92D-4C9BC858599D}.Debug|Any CPU.Build.0 = Debug|Any CPU
		{BF965F5F-6ED5-43D1-B92D-4C9BC858599D}.Release|Any CPU.ActiveCfg = Release|Any CPU
		{BF965F5F-6ED5-43D1-B92D-4C9BC858599D}.Release|Any CPU.Build.0 = Release|Any CPU
	EndGlobalSection
	GlobalSection(SolutionProperties) = preSolution
		HideSolutionNode = FALSE
	EndGlobalSection
	GlobalSection(ExtensibilityGlobals) = postSolution
		SolutionGuid = {320E8D99-2536-4C65-8151-F792EE6C0B9F}
	EndGlobalSection
EndGlobal
